<?xml version="1.0" encoding="utf-8"?>
<Project ToolsVersion="4.0" xmlns="http://schemas.microsoft.com/developer/msbuild/2003">
  <ItemGroup>
    <ClInclude Include="src\engine\events\Listener.h" />
    <ClInclude Include="src\engine\gfx\Shader.h" />
    <ClInclude Include="src\engine\core\Window.h" />
    <ClInclude Include="src\engine\core\Application.h" />
    <ClInclude Include="src\engine\io\Resources.h" />
    <ClInclude Include="src\engine\gfx\Buffer.h" />
    <ClInclude Include="src\engine\gfx\Renderer.h" />
    <ClInclude Include="src\engine\helpers\Assert.h" />
    <ClInclude Include="src\engine\gfx\camera\Camera.h" />
    <ClInclude Include="src\engine\gfx\camera\PerspectiveCamera.h" />
    <ClInclude Include="src\engine\gfx\camera\PerspectiveCameraController.h" />
    <ClInclude Include="src\engine\helpers\TimeStep.h" />
    <ClInclude Include="src\engine\events\Event.h" />
    <ClInclude Include="src\engine\events\KeyCode.h" />
  </ItemGroup>
  <ItemGroup>
    <ClCompile Include="src\main.cpp" />
    <ClCompile Include="src\engine\gfx\Shader.cpp" />
    <ClCompile Include="src\engine\core\Window.cpp" />
    <ClCompile Include="src\engine\core\Application.cpp" />
    <ClCompile Include="src\engine\events\Listener.cpp" />
    <ClCompile Include="src\engine\io\Resources.cpp" />
    <ClCompile Include="src\engine\gfx\Buffer.cpp" />
    <ClCompile Include="src\engine\gfx\Renderer.cpp" />
    <ClCompile Include="src\engine\core\GLManager.h" />
    <ClCompile Include="src\engine\gfx\camera\PerspectiveCamera.cpp" />
    <ClCompile Include="src\engine\gfx\camera\PerspectiveCameraController.cpp" />
    <ClCompile Include="src\engine\events\KeyEvent.h" />
  </ItemGroup>
  <ItemGroup>
    <None Include="res\shaders\shader.glsl" />
  </ItemGroup>
</Project>