<?xml version="1.0" encoding="utf-8"?>
<Project ToolsVersion="4.0" xmlns="http://schemas.microsoft.com/developer/msbuild/2003">
  <ItemGroup>
    <ClInclude Include="src\listener.h" />
    <ClInclude Include="src\resource.h" />
    <ClInclude Include="src\shader.h" />
    <ClInclude Include="src\window.h" />
    <ClInclude Include="src\container.h" />
  </ItemGroup>
  <ItemGroup>
    <ClCompile Include="src\main.cpp" />
    <ClCompile Include="src\shader.cpp" />
    <ClCompile Include="src\window.cpp" />
    <ClCompile Include="src\container.cpp" />
    <ClCompile Include="src\listener.cpp" />
  </ItemGroup>
</Project>